[[package]]
category = "main"
description = "Python package for providing Mozilla's CA Bundle."
name = "certifi"
optional = false
python-versions = "*"
version = "2020.6.20"

[[package]]
category = "main"
description = "Composable command line interface toolkit"
name = "click"
optional = false
python-versions = ">=2.7, !=3.0.*, !=3.1.*, !=3.2.*, !=3.3.*, !=3.4.*"
version = "7.1.2"

[[package]]
category = "main"
description = "Composable style cycles"
name = "cycler"
optional = false
python-versions = "*"
version = "0.10.0"

[package.dependencies]
six = "*"

[[package]]
category = "main"
description = "Decorators for Humans"
name = "decorator"
optional = false
python-versions = ">=2.6, !=3.0.*, !=3.1.*"
version = "4.4.2"

[[package]]
category = "main"
description = "Python module for creating/importing/merging GDSII files."
name = "gdspy"
optional = false
python-versions = "*"
version = "1.6"

[package.dependencies]
numpy = "*"

[[package]]
category = "main"
description = "Diff JSON and JSON-like structures in Python"
name = "jsondiff"
optional = false
python-versions = "*"
version = "1.2.0"

[[package]]
category = "main"
description = "A fast implementation of the Cassowary constraint solver"
name = "kiwisolver"
optional = false
python-versions = ">=3.6"
version = "1.2.0"

[[package]]
category = "main"
description = "KLayout standalone Python package"
name = "klayout"
optional = false
python-versions = "*"
version = "0.26.7"

[[package]]
category = "main"
description = "Python plotting package"
name = "matplotlib"
optional = false
python-versions = ">=3.6"
version = "3.3.1"

[package.dependencies]
certifi = ">=2020.06.20"
cycler = ">=0.10"
kiwisolver = ">=1.0.1"
numpy = ">=1.15"
pillow = ">=6.2.0"
pyparsing = ">=2.0.3,<2.0.4 || >2.0.4,<2.1.2 || >2.1.2,<2.1.6 || >2.1.6"
python-dateutil = ">=2.1"

[[package]]
category = "main"
description = "Python package for creating and manipulating graphs and networks"
name = "networkx"
optional = false
python-versions = ">=3.6"
version = "2.5"

[package.dependencies]
decorator = ">=4.3.0"

[package.extras]
all = ["numpy", "scipy", "pandas", "matplotlib", "pygraphviz", "pydot", "pyyaml", "lxml", "pytest"]
gdal = ["gdal"]
lxml = ["lxml"]
matplotlib = ["matplotlib"]
numpy = ["numpy"]
pandas = ["pandas"]
pydot = ["pydot"]
pygraphviz = ["pygraphviz"]
pytest = ["pytest"]
pyyaml = ["pyyaml"]
scipy = ["scipy"]

[[package]]
category = "main"
description = "NumPy is the fundamental package for array computing with Python."
name = "numpy"
optional = false
python-versions = ">=3.6"
version = "1.19.1"

[[package]]
category = "main"
description = "A flexible configuration library"
name = "omegaconf"
optional = false
python-versions = ">=3.6"
version = "2.0.1"

[package.dependencies]
PyYAML = ">=5.1"
typing-extensions = "*"

[[package]]
category = "main"
description = "Powerful data structures for data analysis, time series, and statistics"
name = "pandas"
optional = false
python-versions = ">=3.6.1"
version = "1.1.2"

[package.dependencies]
numpy = ">=1.15.4"
python-dateutil = ">=2.7.3"
pytz = ">=2017.2"

[package.extras]
test = ["pytest (>=4.0.2)", "pytest-xdist", "hypothesis (>=3.58)"]

[[package]]
category = "main"
description = "PHIDL"
name = "phidl"
optional = false
python-versions = "*"
version = "1.3.0"

[package.dependencies]
gdspy = ">=1.5"
matplotlib = "*"
numpy = "*"

[[package]]
category = "main"
description = "Python Imaging Library (Fork)"
name = "pillow"
optional = false
python-versions = ">=3.5"
version = "7.2.0"

[[package]]
category = "main"
description = "Python parsing module"
name = "pyparsing"
optional = false
python-versions = ">=2.6, !=3.0.*, !=3.1.*, !=3.2.*"
version = "2.4.7"

[[package]]
category = "main"
description = "Extensions to the standard Python datetime module"
name = "python-dateutil"
optional = false
python-versions = "!=3.0.*,!=3.1.*,!=3.2.*,>=2.7"
version = "2.8.1"

[package.dependencies]
six = ">=1.5"

[[package]]
category = "main"
description = "World timezone definitions, modern and historical"
name = "pytz"
optional = false
python-versions = "*"
version = "2020.1"

[[package]]
category = "main"
description = "YAML parser and emitter for Python"
name = "pyyaml"
optional = false
python-versions = ">=2.7, !=3.0.*, !=3.1.*, !=3.2.*, !=3.3.*, !=3.4.*"
version = "5.3.1"

[[package]]
category = "main"
description = "Python 2 and 3 compatibility utilities"
name = "six"
optional = false
python-versions = ">=2.7, !=3.0.*, !=3.1.*, !=3.2.*"
version = "1.15.0"

[[package]]
category = "main"
description = "Backported and Experimental Type Hints for Python 3.5+"
name = "typing-extensions"
optional = false
python-versions = "*"
version = "3.7.4.3"

[metadata]
content-hash = "8cfad67e26b1981d90e3660d7593ea01d97b5de5d37bc57b3d2675ffdd718d69"
python-versions = "3.7.7"

[metadata.files]
certifi = [
    {file = "certifi-2020.6.20-py2.py3-none-any.whl", hash = "sha256:8fc0819f1f30ba15bdb34cceffb9ef04d99f420f68eb75d901e9560b8749fc41"},
    {file = "certifi-2020.6.20.tar.gz", hash = "sha256:5930595817496dd21bb8dc35dad090f1c2cd0adfaf21204bf6732ca5d8ee34d3"},
]
click = [
    {file = "click-7.1.2-py2.py3-none-any.whl", hash = "sha256:dacca89f4bfadd5de3d7489b7c8a566eee0d3676333fbb50030263894c38c0dc"},
    {file = "click-7.1.2.tar.gz", hash = "sha256:d2b5255c7c6349bc1bd1e59e08cd12acbbd63ce649f2588755783aa94dfb6b1a"},
]
cycler = [
    {file = "cycler-0.10.0-py2.py3-none-any.whl", hash = "sha256:1d8a5ae1ff6c5cf9b93e8811e581232ad8920aeec647c37316ceac982b08cb2d"},
    {file = "cycler-0.10.0.tar.gz", hash = "sha256:cd7b2d1018258d7247a71425e9f26463dfb444d411c39569972f4ce586b0c9d8"},
]
decorator = [
    {file = "decorator-4.4.2-py2.py3-none-any.whl", hash = "sha256:41fa54c2a0cc4ba648be4fd43cff00aedf5b9465c9bf18d64325bc225f08f760"},
    {file = "decorator-4.4.2.tar.gz", hash = "sha256:e3a62f0520172440ca0dcc823749319382e377f37f140a0b99ef45fecb84bfe7"},
]
gdspy = [
    {file = "gdspy-1.6.zip", hash = "sha256:583abc031537fa81340510823623ec8aa6ec023423542c4aad4686b3e7b9d163"},
]
jsondiff = [
    {file = "jsondiff-1.2.0.tar.gz", hash = "sha256:34941bc431d10aa15828afe1cbb644977a114e75eef6cc74fb58951312326303"},
]
kiwisolver = [
    {file = "kiwisolver-1.2.0-cp36-cp36m-macosx_10_9_x86_64.whl", hash = "sha256:443c2320520eda0a5b930b2725b26f6175ca4453c61f739fef7a5847bd262f74"},
    {file = "kiwisolver-1.2.0-cp36-cp36m-manylinux1_i686.whl", hash = "sha256:efcf3397ae1e3c3a4a0a0636542bcad5adad3b1dd3e8e629d0b6e201347176c8"},
    {file = "kiwisolver-1.2.0-cp36-cp36m-manylinux1_x86_64.whl", hash = "sha256:fccefc0d36a38c57b7bd233a9b485e2f1eb71903ca7ad7adacad6c28a56d62d2"},
    {file = "kiwisolver-1.2.0-cp36-cp36m-manylinux2014_aarch64.whl", hash = "sha256:be046da49fbc3aa9491cc7296db7e8d27bcf0c3d5d1a40259c10471b014e4e0c"},
    {file = "kiwisolver-1.2.0-cp36-none-win32.whl", hash = "sha256:60a78858580761fe611d22127868f3dc9f98871e6fdf0a15cc4203ed9ba6179b"},
    {file = "kiwisolver-1.2.0-cp36-none-win_amd64.whl", hash = "sha256:556da0a5f60f6486ec4969abbc1dd83cf9b5c2deadc8288508e55c0f5f87d29c"},
    {file = "kiwisolver-1.2.0-cp37-cp37m-macosx_10_9_x86_64.whl", hash = "sha256:7cc095a4661bdd8a5742aaf7c10ea9fac142d76ff1770a0f84394038126d8fc7"},
    {file = "kiwisolver-1.2.0-cp37-cp37m-manylinux1_i686.whl", hash = "sha256:c955791d80e464da3b471ab41eb65cf5a40c15ce9b001fdc5bbc241170de58ec"},
    {file = "kiwisolver-1.2.0-cp37-cp37m-manylinux1_x86_64.whl", hash = "sha256:603162139684ee56bcd57acc74035fceed7dd8d732f38c0959c8bd157f913fec"},
    {file = "kiwisolver-1.2.0-cp37-cp37m-manylinux2014_aarch64.whl", hash = "sha256:63f55f490b958b6299e4e5bdac66ac988c3d11b7fafa522800359075d4fa56d1"},
    {file = "kiwisolver-1.2.0-cp37-none-win32.whl", hash = "sha256:03662cbd3e6729f341a97dd2690b271e51a67a68322affab12a5b011344b973c"},
    {file = "kiwisolver-1.2.0-cp37-none-win_amd64.whl", hash = "sha256:4eadb361baf3069f278b055e3bb53fa189cea2fd02cb2c353b7a99ebb4477ef1"},
    {file = "kiwisolver-1.2.0-cp38-cp38-macosx_10_9_x86_64.whl", hash = "sha256:c31bc3c8e903d60a1ea31a754c72559398d91b5929fcb329b1c3a3d3f6e72113"},
    {file = "kiwisolver-1.2.0-cp38-cp38-manylinux1_i686.whl", hash = "sha256:d52b989dc23cdaa92582ceb4af8d5bcc94d74b2c3e64cd6785558ec6a879793e"},
    {file = "kiwisolver-1.2.0-cp38-cp38-manylinux1_x86_64.whl", hash = "sha256:e586b28354d7b6584d8973656a7954b1c69c93f708c0c07b77884f91640b7657"},
    {file = "kiwisolver-1.2.0-cp38-cp38-manylinux2014_aarch64.whl", hash = "sha256:38d05c9ecb24eee1246391820ed7137ac42a50209c203c908154782fced90e44"},
    {file = "kiwisolver-1.2.0-cp38-none-win32.whl", hash = "sha256:d069ef4b20b1e6b19f790d00097a5d5d2c50871b66d10075dab78938dc2ee2cf"},
    {file = "kiwisolver-1.2.0-cp38-none-win_amd64.whl", hash = "sha256:18d749f3e56c0480dccd1714230da0f328e6e4accf188dd4e6884bdd06bf02dd"},
    {file = "kiwisolver-1.2.0.tar.gz", hash = "sha256:247800260cd38160c362d211dcaf4ed0f7816afb5efe56544748b21d6ad6d17f"},
]
klayout = [
    {file = "klayout-0.26.7-cp27-cp27m-macosx_10_13_x86_64.whl", hash = "sha256:1196bde3dadb1989294f3bfac7564c150bf3d6e0cb12d02696c262bb9281ea53"},
    {file = "klayout-0.26.7-cp27-cp27m-manylinux1_i686.whl", hash = "sha256:cfa2e29b6d097169a8a8c716ec94db68f3648bd4a7151939aa963c80c296fa9c"},
    {file = "klayout-0.26.7-cp27-cp27m-manylinux1_x86_64.whl", hash = "sha256:a3e9af53b1a86d76373a922f14b984c519c30602e4ea23dccc1df61f9c3eff9e"},
    {file = "klayout-0.26.7-cp27-cp27mu-manylinux1_i686.whl", hash = "sha256:bef494dedd548283f968c45a5de2fb2a89432691980bfdfef2dcb0ddf3ed3572"},
    {file = "klayout-0.26.7-cp27-cp27mu-manylinux1_x86_64.whl", hash = "sha256:44a49468f48aeb9d0e726dd01c8fe36b350b07361f4646aa45d3fd1fc8cf072b"},
    {file = "klayout-0.26.7-cp35-cp35m-manylinux1_i686.whl", hash = "sha256:df070799d2cbeff64d7df5a23f85a543ae8f98328ea32dff6ce5d344d39feb45"},
    {file = "klayout-0.26.7-cp35-cp35m-manylinux1_x86_64.whl", hash = "sha256:9ddc69df2a8b73c538193a987daf35b0a9d7a9d7795d9fd3de865e144f325087"},
    {file = "klayout-0.26.7-cp35-cp35m-win32.whl", hash = "sha256:89a13ead9ccfdb7af376ee8627204e7dd8ebabca671e253338e4784710f1a285"},
    {file = "klayout-0.26.7-cp35-cp35m-win_amd64.whl", hash = "sha256:8a4d3df0ed61f3eb0c5fc8d9e02ec33d74726d636a35a1c2f6fda7707ff7542d"},
    {file = "klayout-0.26.7-cp36-cp36m-manylinux1_i686.whl", hash = "sha256:8cec554ae02d9bf56aa3db7c05debd322c9e3993d2399ae31bc6a3e4359d6705"},
    {file = "klayout-0.26.7-cp36-cp36m-manylinux1_x86_64.whl", hash = "sha256:fbf70de12af77c33844c2d6c65dd9a7a6e3742ead8ddd51ca2fd4782f3bb1aad"},
    {file = "klayout-0.26.7-cp36-cp36m-win32.whl", hash = "sha256:1ece85376ae63b90865b2ee595dc656e13810f194e46bf8b21f1893ea5460729"},
    {file = "klayout-0.26.7-cp36-cp36m-win_amd64.whl", hash = "sha256:edd5b52b04e374a128632936049e617c91dc508b636ad4f3b9d83ae64f31b117"},
    {file = "klayout-0.26.7-cp37-cp37m-manylinux1_i686.whl", hash = "sha256:abe1abcd6fa48f72564c6e50ea8d2bb3d54e2f476298351736fdb776ca3d69fa"},
    {file = "klayout-0.26.7-cp37-cp37m-manylinux1_x86_64.whl", hash = "sha256:58e40b4c9ff1802e25682cc773630fdaaa1a81075e85f0a1598ccf6b632adbda"},
    {file = "klayout-0.26.7-cp37-cp37m-win32.whl", hash = "sha256:bd834792487933861305d76debfd908e5a5d893b4743eb7dc824561f7c52b58b"},
    {file = "klayout-0.26.7-cp37-cp37m-win_amd64.whl", hash = "sha256:b12c1d2acb4f5a58ad1c646000ccba255df165565d15695b1c3ee3cae30d79b3"},
    {file = "klayout-0.26.7-cp38-cp38-manylinux1_i686.whl", hash = "sha256:46da6f2627b28c11039e1bbdc8707f06e57527d0a21ac550b8821815560defbe"},
    {file = "klayout-0.26.7-cp38-cp38-manylinux1_x86_64.whl", hash = "sha256:0507138107da67e4e94d8041d4c9e73a733a13f9c5c82e77c28afd3dac95c363"},
    {file = "klayout-0.26.7-cp38-cp38-win32.whl", hash = "sha256:e9a4152ac18ea2a00cb9cb770eb07ffb5ef0bb2b6c646b7c77ea4fde41deb0a5"},
    {file = "klayout-0.26.7-cp38-cp38-win_amd64.whl", hash = "sha256:fc34c03910c966d33b9041c90251d876bbbaa86720591acc940ebe19da6665bd"},
]
matplotlib = [
    {file = "matplotlib-3.3.1-1-cp36-cp36m-win32.whl", hash = "sha256:fab11637734eb14affb9c5e20d44d69429c18b49595d6e67c69295de24827fc4"},
    {file = "matplotlib-3.3.1-1-cp36-cp36m-win_amd64.whl", hash = "sha256:24392ac1a382ed753505286f1a1483bcfd67ed0c72d51be10c4c2013e386d0b7"},
    {file = "matplotlib-3.3.1-1-cp37-cp37m-win32.whl", hash = "sha256:c4ffb25b9855bdb6cdaf21bbd4ab2c229be539248304ac5215b94c816ea6e32e"},
    {file = "matplotlib-3.3.1-1-cp37-cp37m-win_amd64.whl", hash = "sha256:5a42c84264a1acbbf01c073a7bd05a0e80d99f94f10020d613b1b0526af9dcc2"},
    {file = "matplotlib-3.3.1-1-cp38-cp38-win32.whl", hash = "sha256:bc978374b43737f2bbc4a6ec48e52ae8c92be6278a80d0e2ce92f0eb0841f15c"},
    {file = "matplotlib-3.3.1-1-cp38-cp38-win_amd64.whl", hash = "sha256:6d0f03079f655ca0a2d2e0bf49c28e1ec43d9d544c33d8da1a88765f23018ecc"},
    {file = "matplotlib-3.3.1-1-cp39-cp39-win32.whl", hash = "sha256:2375f039b8c6ad6c1d03f01bf31f086bbbf997bf25e246f3b67f69969cde3d98"},
    {file = "matplotlib-3.3.1-1-cp39-cp39-win_amd64.whl", hash = "sha256:233bef5e3b3494f3b7057595ca814f23ba0ce67a03632ddf677be5132128b3db"},
    {file = "matplotlib-3.3.1-1-pp36-pypy36_pp73-win32.whl", hash = "sha256:f62c0b9a5d38c26673a8862cbae4d26cffcda260848e4278246b4e00f5a95eaf"},
    {file = "matplotlib-3.3.1-cp36-cp36m-macosx_10_9_x86_64.whl", hash = "sha256:282f8a077a1217f9f2ac178596f27c1ae94abbc6e7b785e1b8f25e83918e9199"},
    {file = "matplotlib-3.3.1-cp36-cp36m-manylinux1_i686.whl", hash = "sha256:83ae7261f4d5ab387be2caee29c4f499b1566f31c8ac97a0b8ab61afd9e3da92"},
    {file = "matplotlib-3.3.1-cp36-cp36m-manylinux1_x86_64.whl", hash = "sha256:1f9cf2b8500b833714a193cb24281153f5072d55b2e486009f1e81f0b7da3410"},
    {file = "matplotlib-3.3.1-cp36-cp36m-win32.whl", hash = "sha256:0dc15e1ad84ec06bf0c315e6c4c2cced13a21ce4c2b4955bb75097064a4b1e92"},
    {file = "matplotlib-3.3.1-cp36-cp36m-win_amd64.whl", hash = "sha256:ffbae66e2db70dc330cb3299525f97e1c0efdfc763e04e1a4e08f968c7ad21f0"},
    {file = "matplotlib-3.3.1-cp37-cp37m-macosx_10_9_x86_64.whl", hash = "sha256:88c6ab4a32a7447dad236b8371612aaba5c967d632ff11999e0478dd687f2c58"},
    {file = "matplotlib-3.3.1-cp37-cp37m-manylinux1_i686.whl", hash = "sha256:cc2d6b47c8fee89da982a312b54949ec0cd6a7976a8cafb5b62dea6c9883a14d"},
    {file = "matplotlib-3.3.1-cp37-cp37m-manylinux1_x86_64.whl", hash = "sha256:636c6330a7dcb18bac114dbeaff314fbbb0c11682f9a9601de69a50e331d18d7"},
    {file = "matplotlib-3.3.1-cp37-cp37m-win32.whl", hash = "sha256:73a493e340064e8fe03207d9333b68baca30d9f0da543ae4af6b6b4f13f0fe05"},
    {file = "matplotlib-3.3.1-cp37-cp37m-win_amd64.whl", hash = "sha256:6739b6cd9278d5cb337df0bd4400ad37bbd04c6dc7aa2c65e1e83a02bc4cc6fd"},
    {file = "matplotlib-3.3.1-cp38-cp38-macosx_10_9_x86_64.whl", hash = "sha256:79f0c4730ad422ecb6bda814c9a9b375df36d6bd5a49eaa14e92e5f5e3e95ac3"},
    {file = "matplotlib-3.3.1-cp38-cp38-manylinux1_i686.whl", hash = "sha256:e4d6d3afc454b4afc0d9d0ed52a8fa40a1b0d8f33c8e143e49a5833a7e32266b"},
    {file = "matplotlib-3.3.1-cp38-cp38-manylinux1_x86_64.whl", hash = "sha256:96a5e667308dbf45670370d9dffb974e73b15bac0df0b5f3fb0b0ac7a572290e"},
    {file = "matplotlib-3.3.1-cp38-cp38-win32.whl", hash = "sha256:bd8fceaa3494b531d43b6206966ba15705638137fc2dc5da5ee560cf9476867b"},
    {file = "matplotlib-3.3.1-cp38-cp38-win_amd64.whl", hash = "sha256:1507c2a8e4662f6fa1d3ecc760782b158df8a3244ecc21c1d8dbb1cd0b3f872e"},
    {file = "matplotlib-3.3.1-pp36-pypy36_pp73-macosx_10_9_x86_64.whl", hash = "sha256:2c3619ec2a5ead430a4536ebf8c77ea55d8ce36418919f831d35bc657ed5f27e"},
    {file = "matplotlib-3.3.1-pp36-pypy36_pp73-manylinux2010_x86_64.whl", hash = "sha256:9703bc00a94a94c4e94b2ea0fbfbc9d2bb21159733134639fd931b6606c5c47e"},
    {file = "matplotlib-3.3.1.tar.gz", hash = "sha256:87f53bcce90772f942c2db56736788b39332d552461a5cb13f05ff45c1680f0e"},
]
networkx = [
    {file = "networkx-2.5-py3-none-any.whl", hash = "sha256:8c5812e9f798d37c50570d15c4a69d5710a18d77bafc903ee9c5fba7454c616c"},
    {file = "networkx-2.5.tar.gz", hash = "sha256:7978955423fbc9639c10498878be59caf99b44dc304c2286162fd24b458c1602"},
]
numpy = [
    {file = "numpy-1.19.1-cp36-cp36m-macosx_10_9_x86_64.whl", hash = "sha256:b1cca51512299841bf69add3b75361779962f9cee7d9ee3bb446d5982e925b69"},
    {file = "numpy-1.19.1-cp36-cp36m-manylinux1_i686.whl", hash = "sha256:c9591886fc9cbe5532d5df85cb8e0cc3b44ba8ce4367bd4cf1b93dc19713da72"},
    {file = "numpy-1.19.1-cp36-cp36m-manylinux1_x86_64.whl", hash = "sha256:cf1347450c0b7644ea142712619533553f02ef23f92f781312f6a3553d031fc7"},
    {file = "numpy-1.19.1-cp36-cp36m-manylinux2010_i686.whl", hash = "sha256:ed8a311493cf5480a2ebc597d1e177231984c818a86875126cfd004241a73c3e"},
    {file = "numpy-1.19.1-cp36-cp36m-manylinux2010_x86_64.whl", hash = "sha256:3673c8b2b29077f1b7b3a848794f8e11f401ba0b71c49fbd26fb40b71788b132"},
    {file = "numpy-1.19.1-cp36-cp36m-manylinux2014_aarch64.whl", hash = "sha256:56ef7f56470c24bb67fb43dae442e946a6ce172f97c69f8d067ff8550cf782ff"},
    {file = "numpy-1.19.1-cp36-cp36m-win32.whl", hash = "sha256:aaf42a04b472d12515debc621c31cf16c215e332242e7a9f56403d814c744624"},
    {file = "numpy-1.19.1-cp36-cp36m-win_amd64.whl", hash = "sha256:082f8d4dd69b6b688f64f509b91d482362124986d98dc7dc5f5e9f9b9c3bb983"},
    {file = "numpy-1.19.1-cp37-cp37m-macosx_10_9_x86_64.whl", hash = "sha256:e4f6d3c53911a9d103d8ec9518190e52a8b945bab021745af4939cfc7c0d4a9e"},
    {file = "numpy-1.19.1-cp37-cp37m-manylinux1_i686.whl", hash = "sha256:5b6885c12784a27e957294b60f97e8b5b4174c7504665333c5e94fbf41ae5d6a"},
    {file = "numpy-1.19.1-cp37-cp37m-manylinux1_x86_64.whl", hash = "sha256:1bc0145999e8cb8aed9d4e65dd8b139adf1919e521177f198529687dbf613065"},
    {file = "numpy-1.19.1-cp37-cp37m-manylinux2010_i686.whl", hash = "sha256:5a936fd51049541d86ccdeef2833cc89a18e4d3808fe58a8abeb802665c5af93"},
    {file = "numpy-1.19.1-cp37-cp37m-manylinux2010_x86_64.whl", hash = "sha256:ef71a1d4fd4858596ae80ad1ec76404ad29701f8ca7cdcebc50300178db14dfc"},
    {file = "numpy-1.19.1-cp37-cp37m-manylinux2014_aarch64.whl", hash = "sha256:b9792b0ac0130b277536ab8944e7b754c69560dac0415dd4b2dbd16b902c8954"},
    {file = "numpy-1.19.1-cp37-cp37m-win32.whl", hash = "sha256:b12e639378c741add21fbffd16ba5ad25c0a1a17cf2b6fe4288feeb65144f35b"},
    {file = "numpy-1.19.1-cp37-cp37m-win_amd64.whl", hash = "sha256:8343bf67c72e09cfabfab55ad4a43ce3f6bf6e6ced7acf70f45ded9ebb425055"},
    {file = "numpy-1.19.1-cp38-cp38-macosx_10_9_x86_64.whl", hash = "sha256:e45f8e981a0ab47103181773cc0a54e650b2aef8c7b6cd07405d0fa8d869444a"},
    {file = "numpy-1.19.1-cp38-cp38-manylinux1_i686.whl", hash = "sha256:667c07063940e934287993366ad5f56766bc009017b4a0fe91dbd07960d0aba7"},
    {file = "numpy-1.19.1-cp38-cp38-manylinux1_x86_64.whl", hash = "sha256:480fdd4dbda4dd6b638d3863da3be82873bba6d32d1fc12ea1b8486ac7b8d129"},
    {file = "numpy-1.19.1-cp38-cp38-manylinux2010_i686.whl", hash = "sha256:935c27ae2760c21cd7354402546f6be21d3d0c806fffe967f745d5f2de5005a7"},
    {file = "numpy-1.19.1-cp38-cp38-manylinux2010_x86_64.whl", hash = "sha256:309cbcfaa103fc9a33ec16d2d62569d541b79f828c382556ff072442226d1968"},
    {file = "numpy-1.19.1-cp38-cp38-manylinux2014_aarch64.whl", hash = "sha256:7ed448ff4eaffeb01094959b19cbaf998ecdee9ef9932381420d514e446601cd"},
    {file = "numpy-1.19.1-cp38-cp38-win32.whl", hash = "sha256:de8b4a9b56255797cbddb93281ed92acbc510fb7b15df3f01bd28f46ebc4edae"},
    {file = "numpy-1.19.1-cp38-cp38-win_amd64.whl", hash = "sha256:92feb989b47f83ebef246adabc7ff3b9a59ac30601c3f6819f8913458610bdcc"},
    {file = "numpy-1.19.1-pp36-pypy36_pp73-manylinux2010_x86_64.whl", hash = "sha256:e1b1dc0372f530f26a03578ac75d5e51b3868b9b76cd2facba4c9ee0eb252ab1"},
    {file = "numpy-1.19.1.zip", hash = "sha256:b8456987b637232602ceb4d663cb34106f7eb780e247d51a260b84760fd8f491"},
]
omegaconf = [
    {file = "omegaconf-2.0.1-py3-none-any.whl", hash = "sha256:c6a91e4aaf112301c36522af829156b25dc4e57fd1573b62746ae82c7e8bf4e5"},
    {file = "omegaconf-2.0.1.tar.gz", hash = "sha256:b945422a8cece6da2b193ff5b64b30f7ebc6510819ac15b31d5d28173883d999"},
]
pandas = [
    {file = "pandas-1.1.2-cp36-cp36m-macosx_10_9_x86_64.whl", hash = "sha256:eb0ac2fd04428f18b547716f70c699a7cc9c65a6947ed8c7e688d96eb91e3db8"},
    {file = "pandas-1.1.2-cp36-cp36m-manylinux1_i686.whl", hash = "sha256:02ec9f5f0b7df7227931a884569ef0b6d32d76789c84bcac1a719dafd1f912e8"},
    {file = "pandas-1.1.2-cp36-cp36m-manylinux1_x86_64.whl", hash = "sha256:1edf6c254d2d138188e9987159978ee70e23362fe9197f3f100844a197f7e1e4"},
    {file = "pandas-1.1.2-cp36-cp36m-win32.whl", hash = "sha256:b821f239514a9ce46dd1cd6c9298a03ed58d0235d414ea264aacc1b14916bbe4"},
    {file = "pandas-1.1.2-cp36-cp36m-win_amd64.whl", hash = "sha256:ab6ea0f3116f408a8a59cd50158bfd19d2a024f4e221f14ab1bcd2da4f0c6fdf"},
    {file = "pandas-1.1.2-cp37-cp37m-macosx_10_9_x86_64.whl", hash = "sha256:474fa53e3b2f3a543cbca81f7457bd1f44e7eb1be7171067636307e21b624e9c"},
    {file = "pandas-1.1.2-cp37-cp37m-manylinux1_i686.whl", hash = "sha256:9e135ce9929cd0f0ba24f0545936af17ba935f844d4c3a2b979354a73c9440e0"},
    {file = "pandas-1.1.2-cp37-cp37m-manylinux1_x86_64.whl", hash = "sha256:188cdfbf8399bc144fa95040536b5ce3429d2eda6c9c8b238c987af7df9f128c"},
    {file = "pandas-1.1.2-cp37-cp37m-win32.whl", hash = "sha256:08783a33989a6747317766b75be30a594a9764b9f145bb4bcc06e337930d9807"},
    {file = "pandas-1.1.2-cp37-cp37m-win_amd64.whl", hash = "sha256:f7008ec22b92d771b145150978d930a28fab8da3a10131b01bbf39574acdad0b"},
    {file = "pandas-1.1.2-cp38-cp38-macosx_10_9_x86_64.whl", hash = "sha256:59df9f0276aa4854d8bff28c5e5aeb74d9c6bb4d9f55d272b7124a7df40e47d0"},
    {file = "pandas-1.1.2-cp38-cp38-manylinux1_i686.whl", hash = "sha256:eeb64c5b3d4f2ea072ca8afdeb2b946cd681a863382ca79734f1b520b8d2fa26"},
    {file = "pandas-1.1.2-cp38-cp38-manylinux1_x86_64.whl", hash = "sha256:c9235b37489168ed6b173551c816b50aa89f03c24a8549a8b4d47d8dc79bfb1e"},
    {file = "pandas-1.1.2-cp38-cp38-win32.whl", hash = "sha256:0936991228241db937e87f82ec552a33888dd04a2e0d5a2fa3c689f92fab09e0"},
    {file = "pandas-1.1.2-cp38-cp38-win_amd64.whl", hash = "sha256:026d764d0b86ee53183aa4c0b90774b6146123eeada4e24946d7d24290777be1"},
    {file = "pandas-1.1.2.tar.gz", hash = "sha256:b64ffd87a2cfd31b40acd4b92cb72ea9a52a48165aec4c140e78fd69c45d1444"},
]
phidl = [
    {file = "phidl-1.3.0.tar.gz", hash = "sha256:16e6aea5746df95c9a87a1412298c04cf6f9e2e55a37bf88d328034400b6f1d6"},
]
pillow = [
    {file = "Pillow-7.2.0-cp35-cp35m-macosx_10_10_intel.whl", hash = "sha256:1ca594126d3c4def54babee699c055a913efb01e106c309fa6b04405d474d5ae"},
    {file = "Pillow-7.2.0-cp35-cp35m-manylinux1_i686.whl", hash = "sha256:c92302a33138409e8f1ad16731568c55c9053eee71bb05b6b744067e1b62380f"},
    {file = "Pillow-7.2.0-cp35-cp35m-manylinux1_x86_64.whl", hash = "sha256:8dad18b69f710bf3a001d2bf3afab7c432785d94fcf819c16b5207b1cfd17d38"},
    {file = "Pillow-7.2.0-cp35-cp35m-manylinux2014_aarch64.whl", hash = "sha256:431b15cffbf949e89df2f7b48528be18b78bfa5177cb3036284a5508159492b5"},
    {file = "Pillow-7.2.0-cp35-cp35m-win32.whl", hash = "sha256:09d7f9e64289cb40c2c8d7ad674b2ed6105f55dc3b09aa8e4918e20a0311e7ad"},
    {file = "Pillow-7.2.0-cp35-cp35m-win_amd64.whl", hash = "sha256:0295442429645fa16d05bd567ef5cff178482439c9aad0411d3f0ce9b88b3a6f"},
    {file = "Pillow-7.2.0-cp36-cp36m-macosx_10_10_x86_64.whl", hash = "sha256:ec29604081f10f16a7aea809ad42e27764188fc258b02259a03a8ff7ded3808d"},
    {file = "Pillow-7.2.0-cp36-cp36m-manylinux1_i686.whl", hash = "sha256:612cfda94e9c8346f239bf1a4b082fdd5c8143cf82d685ba2dba76e7adeeb233"},
    {file = "Pillow-7.2.0-cp36-cp36m-manylinux1_x86_64.whl", hash = "sha256:0a80dd307a5d8440b0a08bd7b81617e04d870e40a3e46a32d9c246e54705e86f"},
    {file = "Pillow-7.2.0-cp36-cp36m-manylinux2014_aarch64.whl", hash = "sha256:06aba4169e78c439d528fdeb34762c3b61a70813527a2c57f0540541e9f433a8"},
    {file = "Pillow-7.2.0-cp36-cp36m-win32.whl", hash = "sha256:f7e30c27477dffc3e85c2463b3e649f751789e0f6c8456099eea7ddd53be4a8a"},
    {file = "Pillow-7.2.0-cp36-cp36m-win_amd64.whl", hash = "sha256:ffe538682dc19cc542ae7c3e504fdf54ca7f86fb8a135e59dd6bc8627eae6cce"},
    {file = "Pillow-7.2.0-cp37-cp37m-macosx_10_10_x86_64.whl", hash = "sha256:94cf49723928eb6070a892cb39d6c156f7b5a2db4e8971cb958f7b6b104fb4c4"},
    {file = "Pillow-7.2.0-cp37-cp37m-manylinux1_i686.whl", hash = "sha256:6edb5446f44d901e8683ffb25ebdfc26988ee813da3bf91e12252b57ac163727"},
    {file = "Pillow-7.2.0-cp37-cp37m-manylinux1_x86_64.whl", hash = "sha256:52125833b070791fcb5710fabc640fc1df07d087fc0c0f02d3661f76c23c5b8b"},
    {file = "Pillow-7.2.0-cp37-cp37m-manylinux2014_aarch64.whl", hash = "sha256:9ad7f865eebde135d526bb3163d0b23ffff365cf87e767c649550964ad72785d"},
    {file = "Pillow-7.2.0-cp37-cp37m-win32.whl", hash = "sha256:c79f9c5fb846285f943aafeafda3358992d64f0ef58566e23484132ecd8d7d63"},
    {file = "Pillow-7.2.0-cp37-cp37m-win_amd64.whl", hash = "sha256:d350f0f2c2421e65fbc62690f26b59b0bcda1b614beb318c81e38647e0f673a1"},
    {file = "Pillow-7.2.0-cp38-cp38-macosx_10_10_x86_64.whl", hash = "sha256:6d7741e65835716ceea0fd13a7d0192961212fd59e741a46bbed7a473c634ed6"},
    {file = "Pillow-7.2.0-cp38-cp38-manylinux1_i686.whl", hash = "sha256:edf31f1150778abd4322444c393ab9c7bd2af271dd4dafb4208fb613b1f3cdc9"},
    {file = "Pillow-7.2.0-cp38-cp38-manylinux1_x86_64.whl", hash = "sha256:d08b23fdb388c0715990cbc06866db554e1822c4bdcf6d4166cf30ac82df8c41"},
    {file = "Pillow-7.2.0-cp38-cp38-manylinux2014_aarch64.whl", hash = "sha256:5e51ee2b8114def244384eda1c82b10e307ad9778dac5c83fb0943775a653cd8"},
    {file = "Pillow-7.2.0-cp38-cp38-win32.whl", hash = "sha256:725aa6cfc66ce2857d585f06e9519a1cc0ef6d13f186ff3447ab6dff0a09bc7f"},
    {file = "Pillow-7.2.0-cp38-cp38-win_amd64.whl", hash = "sha256:a060cf8aa332052df2158e5a119303965be92c3da6f2d93b6878f0ebca80b2f6"},
    {file = "Pillow-7.2.0-pp36-pypy36_pp73-macosx_10_10_x86_64.whl", hash = "sha256:9c87ef410a58dd54b92424ffd7e28fd2ec65d2f7fc02b76f5e9b2067e355ebf6"},
    {file = "Pillow-7.2.0-pp36-pypy36_pp73-manylinux2010_x86_64.whl", hash = "sha256:e901964262a56d9ea3c2693df68bc9860b8bdda2b04768821e4c44ae797de117"},
    {file = "Pillow-7.2.0-pp36-pypy36_pp73-win32.whl", hash = "sha256:25930fadde8019f374400f7986e8404c8b781ce519da27792cbe46eabec00c4d"},
    {file = "Pillow-7.2.0.tar.gz", hash = "sha256:97f9e7953a77d5a70f49b9a48da7776dc51e9b738151b22dacf101641594a626"},
]
pyparsing = [
    {file = "pyparsing-2.4.7-py2.py3-none-any.whl", hash = "sha256:ef9d7589ef3c200abe66653d3f1ab1033c3c419ae9b9bdb1240a85b024efc88b"},
    {file = "pyparsing-2.4.7.tar.gz", hash = "sha256:c203ec8783bf771a155b207279b9bccb8dea02d8f0c9e5f8ead507bc3246ecc1"},
]
python-dateutil = [
    {file = "python-dateutil-2.8.1.tar.gz", hash = "sha256:73ebfe9dbf22e832286dafa60473e4cd239f8592f699aa5adaf10050e6e1823c"},
    {file = "python_dateutil-2.8.1-py2.py3-none-any.whl", hash = "sha256:75bb3f31ea686f1197762692a9ee6a7550b59fc6ca3a1f4b5d7e32fb98e2da2a"},
]
pytz = [
    {file = "pytz-2020.1-py2.py3-none-any.whl", hash = "sha256:a494d53b6d39c3c6e44c3bec237336e14305e4f29bbf800b599253057fbb79ed"},
    {file = "pytz-2020.1.tar.gz", hash = "sha256:c35965d010ce31b23eeb663ed3cc8c906275d6be1a34393a1d73a41febf4a048"},
]
pyyaml = [
    {file = "PyYAML-5.3.1-cp27-cp27m-win32.whl", hash = "sha256:74809a57b329d6cc0fdccee6318f44b9b8649961fa73144a98735b0aaf029f1f"},
    {file = "PyYAML-5.3.1-cp27-cp27m-win_amd64.whl", hash = "sha256:240097ff019d7c70a4922b6869d8a86407758333f02203e0fc6ff79c5dcede76"},
    {file = "PyYAML-5.3.1-cp35-cp35m-win32.whl", hash = "sha256:4f4b913ca1a7319b33cfb1369e91e50354d6f07a135f3b901aca02aa95940bd2"},
    {file = "PyYAML-5.3.1-cp35-cp35m-win_amd64.whl", hash = "sha256:cc8955cfbfc7a115fa81d85284ee61147059a753344bc51098f3ccd69b0d7e0c"},
    {file = "PyYAML-5.3.1-cp36-cp36m-win32.whl", hash = "sha256:7739fc0fa8205b3ee8808aea45e968bc90082c10aef6ea95e855e10abf4a37b2"},
    {file = "PyYAML-5.3.1-cp36-cp36m-win_amd64.whl", hash = "sha256:69f00dca373f240f842b2931fb2c7e14ddbacd1397d57157a9b005a6a9942648"},
    {file = "PyYAML-5.3.1-cp37-cp37m-win32.whl", hash = "sha256:d13155f591e6fcc1ec3b30685d50bf0711574e2c0dfffd7644babf8b5102ca1a"},
    {file = "PyYAML-5.3.1-cp37-cp37m-win_amd64.whl", hash = "sha256:73f099454b799e05e5ab51423c7bcf361c58d3206fa7b0d555426b1f4d9a3eaf"},
    {file = "PyYAML-5.3.1-cp38-cp38-win32.whl", hash = "sha256:06a0d7ba600ce0b2d2fe2e78453a470b5a6e000a985dd4a4e54e436cc36b0e97"},
    {file = "PyYAML-5.3.1-cp38-cp38-win_amd64.whl", hash = "sha256:95f71d2af0ff4227885f7a6605c37fd53d3a106fcab511b8860ecca9fcf400ee"},
    {file = "PyYAML-5.3.1.tar.gz", hash = "sha256:b8eac752c5e14d3eca0e6dd9199cd627518cb5ec06add0de9d32baeee6fe645d"},
]
six = [
    {file = "six-1.15.0-py2.py3-none-any.whl", hash = "sha256:8b74bedcbbbaca38ff6d7491d76f2b06b3592611af620f8426e82dddb04a5ced"},
    {file = "six-1.15.0.tar.gz", hash = "sha256:30639c035cdb23534cd4aa2dd52c3bf48f06e5f4a941509c8bafd8ce11080259"},
]
typing-extensions = [
    {file = "typing_extensions-3.7.4.3-py2-none-any.whl", hash = "sha256:dafc7639cde7f1b6e1acc0f457842a83e722ccca8eef5270af2d74792619a89f"},
    {file = "typing_extensions-3.7.4.3-py3-none-any.whl", hash = "sha256:7cb407020f00f7bfc3cb3e7881628838e69d8f3fcab2f64742a5e76b2f841918"},
    {file = "typing_extensions-3.7.4.3.tar.gz", hash = "sha256:99d4073b617d30288f569d3f13d2bd7548c3a7e4c8de87db09a9d29bb3a4a60c"},
]
